dependencies:
- name: oauth2-proxy
  repository: https://oauth2-proxy.github.io/manifests
  version: 7.7.28
- name: kubernetes-dashboard
  repository: https://kubernetes.github.io/dashboard/
  version: 7.10.0
- name: oauth2-proxy
  repository: https://oauth2-proxy.github.io/manifests
  version: 7.7.28
- name: oauth2-proxy
  repository: https://oauth2-proxy.github.io/manifests
  version: 7.7.28
digest: sha256:e9794cbd50f07779fd3d23196b9189a2d4ff9226e85f344dc0b1fbf559568f54
generated: "2024-10-31T17:30:32.889829991Z"
