dependencies:
- name: oauth2-proxy
  repository: https://oauth2-proxy.github.io/manifests
  version: 7.11.1
- name: kubernetes-dashboard
  repository: https://kubernetes.github.io/dashboard/
  version: 7.10.4
- name: oauth2-proxy
  repository: https://oauth2-proxy.github.io/manifests
  version: 7.11.1
- name: oauth2-proxy
  repository: https://oauth2-proxy.github.io/manifests
  version: 7.11.1
digest: sha256:bb86a8550ea234c86dce1a19988f1ea153b834a6b83368c1014001a39c42f2cc
generated: "2025-02-17T11:29:38.330264922Z"
